
Microsoft Visual Studio Solution File, Format Version 12.00
# Visual Studio 15
Project("{FAE04EC0-301F-11D3-BF4B-00C04F79EFBC}") = "Assembly-CSharp", "Assembly-CSharp.csproj", "{64614C91-4630-A332-DD54-7112FC6FD6D7}"
EndProject
Project("{FAE04EC0-301F-11D3-BF4B-00C04F79EFBC}") = "Assembly-CSharp-Editor", "Assembly-CSharp-Editor.csproj", "{9DB37070-0FB2-AE2D-2FB2-A72CE9265121}"
EndProject
Global
	GlobalSection(SolutionConfigurationPlatforms) = preSolution
		Debug|Any CPU = Debug|Any CPU
		Release|Any CPU = Release|Any CPU
	EndGlobalSection
	GlobalSection(ProjectConfigurationPlatforms) = postSolution
		{64614C91-4630-A332-DD54-7112FC6FD6D7}.Debug|Any CPU.ActiveCfg = Debug|Any CPU
		{64614C91-4630-A332-DD54-7112FC6FD6D7}.Debug|Any CPU.Build.0 = Debug|Any CPU
		{64614C91-4630-A332-DD54-7112FC6FD6D7}.Release|Any CPU.ActiveCfg = Release|Any CPU
		{64614C91-4630-A332-DD54-7112FC6FD6D7}.Release|Any CPU.Build.0 = Release|Any CPU
		{9DB37070-0FB2-AE2D-2FB2-A72CE9265121}.Debug|Any CPU.ActiveCfg = Debug|Any CPU
		{9DB37070-0FB2-AE2D-2FB2-A72CE9265121}.Debug|Any CPU.Build.0 = Debug|Any CPU
		{9DB37070-0FB2-AE2D-2FB2-A72CE9265121}.Release|Any CPU.ActiveCfg = Release|Any CPU
		{9DB37070-0FB2-AE2D-2FB2-A72CE9265121}.Release|Any CPU.Build.0 = Release|Any CPU
	EndGlobalSection
	GlobalSection(SolutionProperties) = preSolution
		HideSolutionNode = FALSE
	EndGlobalSection
EndGlobal
